
Microsoft Visual Studio Solution File, Format Version 12.00
# Visual Studio Version 17
VisualStudioVersion = 17.12.35707.178
MinimumVisualStudioVersion = 10.0.40219.1
Project("{FAE04EC0-301F-11D3-BF4B-00C04F79EFBC}") = "back", "back.csproj", "{FF0BEB6C-6B5B-430F-848F-22C786EBCB78}"
EndProject
Project("{FAE04EC0-301F-11D3-BF4B-00C04F79EFBC}") = "EFCore", "..\EFCore\EFCore.csproj", "{A051AA0B-4363-4247-9AB7-9103CE673D2C}"
EndProject
Project("{FAE04EC0-301F-11D3-BF4B-00C04F79EFBC}") = "Models", "..\Models\Models.csproj", "{654E9B43-A0B8-4868-8525-89728457F3A0}"
EndProject
Global
	GlobalSection(SolutionConfigurationPlatforms) = preSolution
		Debug|Any CPU = Debug|Any CPU
		Release|Any CPU = Release|Any CPU
	EndGlobalSection
	GlobalSection(ProjectConfigurationPlatforms) = postSolution
		{FF0BEB6C-6B5B-430F-848F-22C786EBCB78}.Debug|Any CPU.ActiveCfg = Debug|Any CPU
		{FF0BEB6C-6B5B-430F-848F-22C786EBCB78}.Debug|Any CPU.Build.0 = Debug|Any CPU
		{FF0BEB6C-6B5B-430F-848F-22C786EBCB78}.Release|Any CPU.ActiveCfg = Release|Any CPU
		{FF0BEB6C-6B5B-430F-848F-22C786EBCB78}.Release|Any CPU.Build.0 = Release|Any CPU
		{A051AA0B-4363-4247-9AB7-9103CE673D2C}.Debug|Any CPU.ActiveCfg = Debug|Any CPU
		{A051AA0B-4363-4247-9AB7-9103CE673D2C}.Debug|Any CPU.Build.0 = Debug|Any CPU
		{A051AA0B-4363-4247-9AB7-9103CE673D2C}.Release|Any CPU.ActiveCfg = Release|Any CPU
		{A051AA0B-4363-4247-9AB7-9103CE673D2C}.Release|Any CPU.Build.0 = Release|Any CPU
		{654E9B43-A0B8-4868-8525-89728457F3A0}.Debug|Any CPU.ActiveCfg = Debug|Any CPU
		{654E9B43-A0B8-4868-8525-89728457F3A0}.Debug|Any CPU.Build.0 = Debug|Any CPU
		{654E9B43-A0B8-4868-8525-89728457F3A0}.Release|Any CPU.ActiveCfg = Release|Any CPU
		{654E9B43-A0B8-4868-8525-89728457F3A0}.Release|Any CPU.Build.0 = Release|Any CPU
	EndGlobalSection
	GlobalSection(SolutionProperties) = preSolution
		HideSolutionNode = FALSE
	EndGlobalSection
EndGlobal
